
Microsoft Visual Studio Solution File, Format Version 12.00
# Visual Studio Version 17
VisualStudioVersion = 17.1.32228.430
MinimumVisualStudioVersion = 10.0.40219.1
Project("{9A19103F-16F7-4668-BE54-9A1E7A4F7556}") = "DirIndex", "DirIndex\DirIndex.csproj", "{13E0BD3F-71F3-4614-A0C7-F67559885F88}"
EndProject
Project("{9A19103F-16F7-4668-BE54-9A1E7A4F7556}") = "SampleTreeGen", "SampleTreeGen\SampleTreeGen.csproj", "{7C1A5BEA-C85E-49B3-A40E-54D093BD4994}"
EndProject
Project("{FAE04EC0-301F-11D3-BF4B-00C04F79EFBC}") = "DirIndex.Tests", "DirIndex.Tests\DirIndex.Tests.csproj", "{F466828B-88FF-4DBA-93B7-2832EAA1E4AE}"
EndProject
Global
	GlobalSection(SolutionConfigurationPlatforms) = preSolution
		Debug|Any CPU = Debug|Any CPU
		Release|Any CPU = Release|Any CPU
	EndGlobalSection
	GlobalSection(ProjectConfigurationPlatforms) = postSolution
		{13E0BD3F-71F3-4614-A0C7-F67559885F88}.Debug|Any CPU.ActiveCfg = Debug|Any CPU
		{13E0BD3F-71F3-4614-A0C7-F67559885F88}.Debug|Any CPU.Build.0 = Debug|Any CPU
		{13E0BD3F-71F3-4614-A0C7-F67559885F88}.Release|Any CPU.ActiveCfg = Release|Any CPU
		{13E0BD3F-71F3-4614-A0C7-F67559885F88}.Release|Any CPU.Build.0 = Release|Any CPU
		{7C1A5BEA-C85E-49B3-A40E-54D093BD4994}.Debug|Any CPU.ActiveCfg = Debug|Any CPU
		{7C1A5BEA-C85E-49B3-A40E-54D093BD4994}.Debug|Any CPU.Build.0 = Debug|Any CPU
		{7C1A5BEA-C85E-49B3-A40E-54D093BD4994}.Release|Any CPU.ActiveCfg = Release|Any CPU
		{7C1A5BEA-C85E-49B3-A40E-54D093BD4994}.Release|Any CPU.Build.0 = Release|Any CPU
		{F466828B-88FF-4DBA-93B7-2832EAA1E4AE}.Debug|Any CPU.ActiveCfg = Debug|Any CPU
		{F466828B-88FF-4DBA-93B7-2832EAA1E4AE}.Debug|Any CPU.Build.0 = Debug|Any CPU
		{F466828B-88FF-4DBA-93B7-2832EAA1E4AE}.Release|Any CPU.ActiveCfg = Release|Any CPU
		{F466828B-88FF-4DBA-93B7-2832EAA1E4AE}.Release|Any CPU.Build.0 = Release|Any CPU
	EndGlobalSection
	GlobalSection(SolutionProperties) = preSolution
		HideSolutionNode = FALSE
	EndGlobalSection
	GlobalSection(ExtensibilityGlobals) = postSolution
		SolutionGuid = {C80BB5CB-BA94-4A80-8ED1-3333431DABD6}
	EndGlobalSection
EndGlobal
